
Microsoft Visual Studio Solution File, Format Version 12.00
# Visual Studio Version 16
VisualStudioVersion = 16.0.29609.76
MinimumVisualStudioVersion = 10.0.40219.1
Project("{9A19103F-16F7-4668-BE54-9A1E7A4F7556}") = "NorthwindRestApi", "NorthwindRestApi\NorthwindRestApi.csproj", "{CA4951BF-44D6-4173-A150-C6C197B9589C}"
EndProject
Project("{9092AA53-FB77-4645-B42D-1CCCA6BD08BD}") = "northwind-react", "..\northwind-react\northwind-react.njsproj", "{92B0A41E-CD9D-4357-9A8F-4E91C851E0BD}"
EndProject
Global
	GlobalSection(SolutionConfigurationPlatforms) = preSolution
		Debug|Any CPU = Debug|Any CPU
		Release|Any CPU = Release|Any CPU
	EndGlobalSection
	GlobalSection(ProjectConfigurationPlatforms) = postSolution
		{CA4951BF-44D6-4173-A150-C6C197B9589C}.Debug|Any CPU.ActiveCfg = Debug|Any CPU
		{CA4951BF-44D6-4173-A150-C6C197B9589C}.Debug|Any CPU.Build.0 = Debug|Any CPU
		{CA4951BF-44D6-4173-A150-C6C197B9589C}.Release|Any CPU.ActiveCfg = Release|Any CPU
		{CA4951BF-44D6-4173-A150-C6C197B9589C}.Release|Any CPU.Build.0 = Release|Any CPU
		{92B0A41E-CD9D-4357-9A8F-4E91C851E0BD}.Debug|Any CPU.ActiveCfg = Debug|Any CPU
		{92B0A41E-CD9D-4357-9A8F-4E91C851E0BD}.Debug|Any CPU.Build.0 = Debug|Any CPU
		{92B0A41E-CD9D-4357-9A8F-4E91C851E0BD}.Release|Any CPU.ActiveCfg = Release|Any CPU
		{92B0A41E-CD9D-4357-9A8F-4E91C851E0BD}.Release|Any CPU.Build.0 = Release|Any CPU
	EndGlobalSection
	GlobalSection(SolutionProperties) = preSolution
		HideSolutionNode = FALSE
	EndGlobalSection
	GlobalSection(ExtensibilityGlobals) = postSolution
		SolutionGuid = {902E4CCD-8304-4332-9A83-925B3F464914}
	EndGlobalSection
EndGlobal
